// !$*UTF8*$!
{
	archiveVersion = 1;
	classes = {
	};
	objectVersion = 77;
	objects = {

/* Begin PBXBuildFile section */
		1F1779D52EFA2EA7008B8697 /* AppDelegate.swift in Sources */ = {isa = PBXBuildFile; fileRef = 1F1779CB2EFA2EA7008B8697 /* AppDelegate.swift */; };
		1F1779D62EFA2EA7008B8697 /* SceneDelegate.swift in Sources */ = {isa = PBXBuildFile; fileRef = 1F1779D22EFA2EA7008B8697 /* SceneDelegate.swift */; };
		1F1779D72EFA2EA7008B8697 /* ViewController.swift in Sources */ = {isa = PBXBuildFile; fileRef = 1F1779D32EFA2EA7008B8697 /* ViewController.swift */; };
		1F1779D82EFA2EA7008B8697 /* Assets.xcassets in Resources */ = {isa = PBXBuildFile; fileRef = 1F1779CC2EFA2EA7008B8697 /* Assets.xcassets */; };
		1F1779DA2EFA2EA7008B8697 /* LaunchScreen.storyboard in Resources */ = {isa = PBXBuildFile; fileRef = 1F1779CF2EFA2EA7008B8697 /* LaunchScreen.storyboard */; };
		1F1779DB2EFA2EA7008B8697 /* Main.storyboard in Resources */ = {isa = PBXBuildFile; fileRef = 1F1779D12EFA2EA7008B8697 /* Main.storyboard */; };
		1F1779DF2EFA2FF7008B8697 /* IpLocation.swift in Sources */ = {isa = PBXBuildFile; fileRef = 1F1779DE2EFA2FF7008B8697 /* IpLocation.swift */; };
		1F1779E12EFA325F008B8697 /* IpLocationModel.swift in Sources */ = {isa = PBXBuildFile; fileRef = 1F1779E02EFA325F008B8697 /* IpLocationModel.swift */; };
		3CA7A12EA147045A322FD236 /* Pods_QSIpLocation.framework in Frameworks */ = {isa = PBXBuildFile; fileRef = 07BB05B99595B33958368C60 /* Pods_QSIpLocation.framework */; };
/* End PBXBuildFile section */

/* Begin PBXFileReference section */
		07BB05B99595B33958368C60 /* Pods_QSIpLocation.framework */ = {isa = PBXFileReference; explicitFileType = wrapper.framework; includeInIndex = 0; path = Pods_QSIpLocation.framework; sourceTree = BUILT_PRODUCTS_DIR; };
		1F1779B32EFA2E95008B8697 /* QSIpLocation.app */ = {isa = PBXFileReference; explicitFileType = wrapper.application; includeInIndex = 0; path = QSIpLocation.app; sourceTree = BUILT_PRODUCTS_DIR; };
		1F1779CB2EFA2EA7008B8697 /* AppDelegate.swift */ = {isa = PBXFileReference; lastKnownFileType = sourcecode.swift; path = AppDelegate.swift; sourceTree = "<group>"; };
		1F1779CC2EFA2EA7008B8697 /* Assets.xcassets */ = {isa = PBXFileReference; lastKnownFileType = folder.assetcatalog; path = Assets.xcassets; sourceTree = "<group>"; };
		1F1779CD2EFA2EA7008B8697 /* Info.plist */ = {isa = PBXFileReference; lastKnownFileType = text.plist.xml; path = Info.plist; sourceTree = "<group>"; };
		1F1779CE2EFA2EA7008B8697 /* Base */ = {isa = PBXFileReference; lastKnownFileType = file.storyboard; name = Base; path = Base.lproj/LaunchScreen.storyboard; sourceTree = "<group>"; };
		1F1779D02EFA2EA7008B8697 /* Base */ = {isa = PBXFileReference; lastKnownFileType = file.storyboard; name = Base; path = Base.lproj/Main.storyboard; sourceTree = "<group>"; };
		1F1779D22EFA2EA7008B8697 /* SceneDelegate.swift */ = {isa = PBXFileReference; lastKnownFileType = sourcecode.swift; path = SceneDelegate.swift; sourceTree = "<group>"; };
		1F1779D32EFA2EA7008B8697 /* ViewController.swift */ = {isa = PBXFileReference; lastKnownFileType = sourcecode.swift; path = ViewController.swift; sourceTree = "<group>"; };
		1F1779DE2EFA2FF7008B8697 /* IpLocation.swift */ = {isa = PBXFileReference; lastKnownFileType = sourcecode.swift; path = IpLocation.swift; sourceTree = "<group>"; };
		1F1779E02EFA325F008B8697 /* IpLocationModel.swift */ = {isa = PBXFileReference; lastKnownFileType = sourcecode.swift; path = IpLocationModel.swift; sourceTree = "<group>"; };
		85385060706EFF023AF154A2 /* Pods-QSIpLocation.release.xcconfig */ = {isa = PBXFileReference; includeInIndex = 1; lastKnownFileType = text.xcconfig; name = "Pods-QSIpLocation.release.xcconfig"; path = "Target Support Files/Pods-QSIpLocation/Pods-QSIpLocation.release.xcconfig"; sourceTree = "<group>"; };
		D0D2766B58B552319483B9E5 /* Pods-QSIpLocation.debug.xcconfig */ = {isa = PBXFileReference; includeInIndex = 1; lastKnownFileType = text.xcconfig; name = "Pods-QSIpLocation.debug.xcconfig"; path = "Target Support Files/Pods-QSIpLocation/Pods-QSIpLocation.debug.xcconfig"; sourceTree = "<group>"; };
/* End PBXFileReference section */

/* Begin PBXFrameworksBuildPhase section */
		1F1779B02EFA2E95008B8697 /* Frameworks */ = {
			isa = PBXFrameworksBuildPhase;
			buildActionMask = 2147483647;
			files = (
				3CA7A12EA147045A322FD236 /* Pods_QSIpLocation.framework in Frameworks */,
			);
			runOnlyForDeploymentPostprocessing = 0;
		};
/* End PBXFrameworksBuildPhase section */

/* Begin PBXGroup section */
		1F1779AA2EFA2E95008B8697 = {
			isa = PBXGroup;
			children = (
				1F1779D42EFA2EA7008B8697 /* QSIpLocation */,
				1F1779B42EFA2E95008B8697 /* Products */,
				B70B7BA8C468D7847CB1E56B /* Pods */,
				763279D9EA91BD7ACB51AAF6 /* Frameworks */,
			);
			sourceTree = "<group>";
		};
		1F1779B42EFA2E95008B8697 /* Products */ = {
			isa = PBXGroup;
			children = (
				1F1779B32EFA2E95008B8697 /* QSIpLocation.app */,
			);
			name = Products;
			sourceTree = "<group>";
		};
		1F1779D42EFA2EA7008B8697 /* QSIpLocation */ = {
			isa = PBXGroup;
			children = (
				1F1779DD2EFA2EAF008B8697 /* Tool */,
				1F1779CB2EFA2EA7008B8697 /* AppDelegate.swift */,
				1F1779CC2EFA2EA7008B8697 /* Assets.xcassets */,
				1F1779CD2EFA2EA7008B8697 /* Info.plist */,
				1F1779CF2EFA2EA7008B8697 /* LaunchScreen.storyboard */,
				1F1779D12EFA2EA7008B8697 /* Main.storyboard */,
				1F1779D22EFA2EA7008B8697 /* SceneDelegate.swift */,
				1F1779D32EFA2EA7008B8697 /* ViewController.swift */,
			);
			path = QSIpLocation;
			sourceTree = "<group>";
		};
		1F1779DD2EFA2EAF008B8697 /* Tool */ = {
			isa = PBXGroup;
			children = (
				1F1779DE2EFA2FF7008B8697 /* IpLocation.swift */,
				1F1779E02EFA325F008B8697 /* IpLocationModel.swift */,
			);
			path = Tool;
			sourceTree = "<group>";
		};
		763279D9EA91BD7ACB51AAF6 /* Frameworks */ = {
			isa = PBXGroup;
			children = (
				07BB05B99595B33958368C60 /* Pods_QSIpLocation.framework */,
			);
			name = Frameworks;
			sourceTree = "<group>";
		};
		B70B7BA8C468D7847CB1E56B /* Pods */ = {
			isa = PBXGroup;
			children = (
				D0D2766B58B552319483B9E5 /* Pods-QSIpLocation.debug.xcconfig */,
				85385060706EFF023AF154A2 /* Pods-QSIpLocation.release.xcconfig */,
			);
			path = Pods;
			sourceTree = "<group>";
		};
/* End PBXGroup section */

/* Begin PBXNativeTarget section */
		1F1779B22EFA2E95008B8697 /* QSIpLocation */ = {
			isa = PBXNativeTarget;
			buildConfigurationList = 1F1779C62EFA2E96008B8697 /* Build configuration list for PBXNativeTarget "QSIpLocation" */;
			buildPhases = (
				D05216C7D9172B99457A6C85 /* [CP] Check Pods Manifest.lock */,
				1F1779AF2EFA2E95008B8697 /* Sources */,
				1F1779B02EFA2E95008B8697 /* Frameworks */,
				1F1779B12EFA2E95008B8697 /* Resources */,
				A76A1575F8683DB25AEA1024 /* [CP] Embed Pods Frameworks */,
			);
			buildRules = (
			);
			dependencies = (
			);
			name = QSIpLocation;
			productName = QSIpLocation;
			productReference = 1F1779B32EFA2E95008B8697 /* QSIpLocation.app */;
			productType = "com.apple.product-type.application";
		};
/* End PBXNativeTarget section */

/* Begin PBXProject section */
		1F1779AB2EFA2E95008B8697 /* Project object */ = {
			isa = PBXProject;
			attributes = {
				BuildIndependentTargetsInParallel = 1;
				LastSwiftUpdateCheck = 1620;
				LastUpgradeCheck = 1620;
				TargetAttributes = {
					1F1779B22EFA2E95008B8697 = {
						CreatedOnToolsVersion = 16.2;
					};
				};
			};
			buildConfigurationList = 1F1779AE2EFA2E95008B8697 /* Build configuration list for PBXProject "QSIpLocation" */;
			developmentRegion = en;
			hasScannedForEncodings = 0;
			knownRegions = (
				en,
				Base,
			);
			mainGroup = 1F1779AA2EFA2E95008B8697;
			minimizedProjectReferenceProxies = 1;
			preferredProjectObjectVersion = 77;
			productRefGroup = 1F1779B42EFA2E95008B8697 /* Products */;
			projectDirPath = "";
			projectRoot = "";
			targets = (
				1F1779B22EFA2E95008B8697 /* QSIpLocation */,
			);
		};
/* End PBXProject section */

/* Begin PBXResourcesBuildPhase section */
		1F1779B12EFA2E95008B8697 /* Resources */ = {
			isa = PBXResourcesBuildPhase;
			buildActionMask = 2147483647;
			files = (
				1F1779D82EFA2EA7008B8697 /* Assets.xcassets in Resources */,
				1F1779DA2EFA2EA7008B8697 /* LaunchScreen.storyboard in Resources */,
				1F1779DB2EFA2EA7008B8697 /* Main.storyboard in Resources */,
			);
			runOnlyForDeploymentPostprocessing = 0;
		};
/* End PBXResourcesBuildPhase section */

/* Begin PBXShellScriptBuildPhase section */
		A76A1575F8683DB25AEA1024 /* [CP] Embed Pods Frameworks */ = {
			isa = PBXShellScriptBuildPhase;
			buildActionMask = 2147483647;
			files = (
			);
			inputFileListPaths = (
				"${PODS_ROOT}/Target Support Files/Pods-QSIpLocation/Pods-QSIpLocation-frameworks-${CONFIGURATION}-input-files.xcfilelist",
			);
			name = "[CP] Embed Pods Frameworks";
			outputFileListPaths = (
				"${PODS_ROOT}/Target Support Files/Pods-QSIpLocation/Pods-QSIpLocation-frameworks-${CONFIGURATION}-output-files.xcfilelist",
			);
			runOnlyForDeploymentPostprocessing = 0;
			shellPath = /bin/sh;
			shellScript = "\"${PODS_ROOT}/Target Support Files/Pods-QSIpLocation/Pods-QSIpLocation-frameworks.sh\"\n";
			showEnvVarsInLog = 0;
		};
		D05216C7D9172B99457A6C85 /* [CP] Check Pods Manifest.lock */ = {
			isa = PBXShellScriptBuildPhase;
			buildActionMask = 2147483647;
			files = (
			);
			inputFileListPaths = (
			);
			inputPaths = (
				"${PODS_PODFILE_DIR_PATH}/Podfile.lock",
				"${PODS_ROOT}/Manifest.lock",
			);
			name = "[CP] Check Pods Manifest.lock";
			outputFileListPaths = (
			);
			outputPaths = (
				"$(DERIVED_FILE_DIR)/Pods-QSIpLocation-checkManifestLockResult.txt",
			);
			runOnlyForDeploymentPostprocessing = 0;
			shellPath = /bin/sh;
			shellScript = "diff \"${PODS_PODFILE_DIR_PATH}/Podfile.lock\" \"${PODS_ROOT}/Manifest.lock\" > /dev/null\nif [ $? != 0 ] ; then\n    # print error to STDERR\n    echo \"error: The sandbox is not in sync with the Podfile.lock. Run 'pod install' or update your CocoaPods installation.\" >&2\n    exit 1\nfi\n# This output is used by Xcode 'outputs' to avoid re-running this script phase.\necho \"SUCCESS\" > \"${SCRIPT_OUTPUT_FILE_0}\"\n";
			showEnvVarsInLog = 0;
		};
/* End PBXShellScriptBuildPhase section */

/* Begin PBXSourcesBuildPhase section */
		1F1779AF2EFA2E95008B8697 /* Sources */ = {
			isa = PBXSourcesBuildPhase;
			buildActionMask = 2147483647;
			files = (
				1F1779D52EFA2EA7008B8697 /* AppDelegate.swift in Sources */,
				1F1779DF2EFA2FF7008B8697 /* IpLocation.swift in Sources */,
				1F1779D62EFA2EA7008B8697 /* SceneDelegate.swift in Sources */,
				1F1779E12EFA325F008B8697 /* IpLocationModel.swift in Sources */,
				1F1779D72EFA2EA7008B8697 /* ViewController.swift in Sources */,
			);
			runOnlyForDeploymentPostprocessing = 0;
		};
/* End PBXSourcesBuildPhase section */

/* Begin PBXVariantGroup section */
		1F1779CF2EFA2EA7008B8697 /* LaunchScreen.storyboard */ = {
			isa = PBXVariantGroup;
			children = (
				1F1779CE2EFA2EA7008B8697 /* Base */,
			);
			name = LaunchScreen.storyboard;
			sourceTree = "<group>";
		};
		1F1779D12EFA2EA7008B8697 /* Main.storyboard */ = {
			isa = PBXVariantGroup;
			children = (
				1F1779D02EFA2EA7008B8697 /* Base */,
			);
			name = Main.storyboard;
			sourceTree = "<group>";
		};
/* End PBXVariantGroup section */

/* Begin XCBuildConfiguration section */
		1F1779C72EFA2E96008B8697 /* Debug */ = {
			isa = XCBuildConfiguration;
			baseConfigurationReference = D0D2766B58B552319483B9E5 /* Pods-QSIpLocation.debug.xcconfig */;
			buildSettings = {
				ASSETCATALOG_COMPILER_APPICON_NAME = AppIcon;
				ASSETCATALOG_COMPILER_GLOBAL_ACCENT_COLOR_NAME = AccentColor;
				CODE_SIGN_STYLE = Automatic;
				CURRENT_PROJECT_VERSION = 1;
				DEVELOPMENT_TEAM = X8PB93M4JK;
				GENERATE_INFOPLIST_FILE = YES;
				INFOPLIST_FILE = QSIpLocation/Info.plist;
				INFOPLIST_KEY_UIApplicationSupportsIndirectInputEvents = YES;
				INFOPLIST_KEY_UILaunchStoryboardName = LaunchScreen;
				INFOPLIST_KEY_UIMainStoryboardFile = Main;
				INFOPLIST_KEY_UISupportedInterfaceOrientations_iPad = "UIInterfaceOrientationPortrait UIInterfaceOrientationPortraitUpsideDown UIInterfaceOrientationLandscapeLeft UIInterfaceOrientationLandscapeRight";
				INFOPLIST_KEY_UISupportedInterfaceOrientations_iPhone = "UIInterfaceOrientationPortrait UIInterfaceOrientationLandscapeLeft UIInterfaceOrientationLandscapeRight";
				IPHONEOS_DEPLOYMENT_TARGET = 15.0;
				LD_RUNPATH_SEARCH_PATHS = (
					"$(inherited)",
					"@executable_path/Frameworks",
				);
				MARKETING_VERSION = 1.0.0;
				PRODUCT_BUNDLE_IDENTIFIER = com.wa.QSIpLocation;
				PRODUCT_NAME = "$(TARGET_NAME)";
				SWIFT_EMIT_LOC_STRINGS = YES;
				SWIFT_VERSION = 5.0;
				TARGETED_DEVICE_FAMILY = "1,2";
			};
			name = Debug;
		};
		1F1779C82EFA2E96008B8697 /* Release */ = {
			isa = XCBuildConfiguration;
			baseConfigurationReference = 85385060706EFF023AF154A2 /* Pods-QSIpLocation.release.xcconfig */;
			buildSettings = {
				ASSETCATALOG_COMPILER_APPICON_NAME = AppIcon;
				ASSETCATALOG_COMPILER_GLOBAL_ACCENT_COLOR_NAME = AccentColor;
				CODE_SIGN_STYLE = Automatic;
				CURRENT_PROJECT_VERSION = 1;
				DEVELOPMENT_TEAM = X8PB93M4JK;
				GENERATE_INFOPLIST_FILE = YES;
				INFOPLIST_FILE = QSIpLocation/Info.plist;
				INFOPLIST_KEY_UIApplicationSupportsIndirectInputEvents = YES;
				INFOPLIST_KEY_UILaunchStoryboardName = LaunchScreen;
				INFOPLIST_KEY_UIMainStoryboardFile = Main;
				INFOPLIST_KEY_UISupportedInterfaceOrientations_iPad = "UIInterfaceOrientationPortrait UIInterfaceOrientationPortraitUpsideDown UIInterfaceOrientationLandscapeLeft UIInterfaceOrientationLandscapeRight";
				INFOPLIST_KEY_UISupportedInterfaceOrientations_iPhone = "UIInterfaceOrientationPortrait UIInterfaceOrientationLandscapeLeft UIInterfaceOrientationLandscapeRight";
				IPHONEOS_DEPLOYMENT_TARGET = 15.0;
				LD_RUNPATH_SEARCH_PATHS = (
					"$(inherited)",
					"@executable_path/Frameworks",
				);
				MARKETING_VERSION = 1.0.0;
				PRODUCT_BUNDLE_IDENTIFIER = com.wa.QSIpLocation;
				PRODUCT_NAME = "$(TARGET_NAME)";
				SWIFT_EMIT_LOC_STRINGS = YES;
				SWIFT_VERSION = 5.0;
				TARGETED_DEVICE_FAMILY = "1,2";
			};
			name = Release;
		};
		1F1779C92EFA2E96008B8697 /* Debug */ = {
			isa = XCBuildConfiguration;
			buildSettings = {
				ALWAYS_SEARCH_USER_PATHS = NO;
				ASSETCATALOG_COMPILER_GENERATE_SWIFT_ASSET_SYMBOL_EXTENSIONS = YES;
				CLANG_ANALYZER_NONNULL = YES;
				CLANG_ANALYZER_NUMBER_OBJECT_CONVERSION = YES_AGGRESSIVE;
				CLANG_CXX_LANGUAGE_STANDARD = "gnu++20";
				CLANG_ENABLE_MODULES = YES;
				CLANG_ENABLE_OBJC_ARC = YES;
				CLANG_ENABLE_OBJC_WEAK = YES;
				CLANG_WARN_BLOCK_CAPTURE_AUTORELEASING = YES;
				CLANG_WARN_BOOL_CONVERSION = YES;
				CLANG_WARN_COMMA = YES;
				CLANG_WARN_CONSTANT_CONVERSION = YES;
				CLANG_WARN_DEPRECATED_OBJC_IMPLEMENTATIONS = YES;
				CLANG_WARN_DIRECT_OBJC_ISA_USAGE = YES_ERROR;
				CLANG_WARN_DOCUMENTATION_COMMENTS = YES;
				CLANG_WARN_EMPTY_BODY = YES;
				CLANG_WARN_ENUM_CONVERSION = YES;
				CLANG_WARN_INFINITE_RECURSION = YES;
				CLANG_WARN_INT_CONVERSION = YES;
				CLANG_WARN_NON_LITERAL_NULL_CONVERSION = YES;
				CLANG_WARN_OBJC_IMPLICIT_RETAIN_SELF = YES;
				CLANG_WARN_OBJC_LITERAL_CONVERSION = YES;
				CLANG_WARN_OBJC_ROOT_CLASS = YES_ERROR;
				CLANG_WARN_QUOTED_INCLUDE_IN_FRAMEWORK_HEADER = YES;
				CLANG_WARN_RANGE_LOOP_ANALYSIS = YES;
				CLANG_WARN_STRICT_PROTOTYPES = YES;
				CLANG_WARN_SUSPICIOUS_MOVE = YES;
				CLANG_WARN_UNGUARDED_AVAILABILITY = YES_AGGRESSIVE;
				CLANG_WARN_UNREACHABLE_CODE = YES;
				CLANG_WARN__DUPLICATE_METHOD_MATCH = YES;
				COPY_PHASE_STRIP = NO;
				DEBUG_INFORMATION_FORMAT = dwarf;
				ENABLE_STRICT_OBJC_MSGSEND = YES;
				ENABLE_TESTABILITY = YES;
				ENABLE_USER_SCRIPT_SANDBOXING = YES;
				GCC_C_LANGUAGE_STANDARD = gnu17;
				GCC_DYNAMIC_NO_PIC = NO;
				GCC_NO_COMMON_BLOCKS = YES;
				GCC_OPTIMIZATION_LEVEL = 0;
				GCC_PREPROCESSOR_DEFINITIONS = (
					"DEBUG=1",
					"$(inherited)",
				);
				GCC_WARN_64_TO_32_BIT_CONVERSION = YES;
				GCC_WARN_ABOUT_RETURN_TYPE = YES_ERROR;
				GCC_WARN_UNDECLARED_SELECTOR = YES;
				GCC_WARN_UNINITIALIZED_AUTOS = YES_AGGRESSIVE;
				GCC_WARN_UNUSED_FUNCTION = YES;
				GCC_WARN_UNUSED_VARIABLE = YES;
				IPHONEOS_DEPLOYMENT_TARGET = 18.2;
				LOCALIZATION_PREFERS_STRING_CATALOGS = YES;
				MTL_ENABLE_DEBUG_INFO = INCLUDE_SOURCE;
				MTL_FAST_MATH = YES;
				ONLY_ACTIVE_ARCH = YES;
				SDKROOT = iphoneos;
				SWIFT_ACTIVE_COMPILATION_CONDITIONS = "DEBUG $(inherited)";
				SWIFT_OPTIMIZATION_LEVEL = "-Onone";
			};
			name = Debug;
		};
		1F1779CA2EFA2E96008B8697 /* Release */ = {
			isa = XCBuildConfiguration;
			buildSettings = {
				ALWAYS_SEARCH_USER_PATHS = NO;
				ASSETCATALOG_COMPILER_GENERATE_SWIFT_ASSET_SYMBOL_EXTENSIONS = YES;
				CLANG_ANALYZER_NONNULL = YES;
				CLANG_ANALYZER_NUMBER_OBJECT_CONVERSION = YES_AGGRESSIVE;
				CLANG_CXX_LANGUAGE_STANDARD = "gnu++20";
				CLANG_ENABLE_MODULES = YES;
				CLANG_ENABLE_OBJC_ARC = YES;
				CLANG_ENABLE_OBJC_WEAK = YES;
				CLANG_WARN_BLOCK_CAPTURE_AUTORELEASING = YES;
				CLANG_WARN_BOOL_CONVERSION = YES;
				CLANG_WARN_COMMA = YES;
				CLANG_WARN_CONSTANT_CONVERSION = YES;
				CLANG_WARN_DEPRECATED_OBJC_IMPLEMENTATIONS = YES;
				CLANG_WARN_DIRECT_OBJC_ISA_USAGE = YES_ERROR;
				CLANG_WARN_DOCUMENTATION_COMMENTS = YES;
				CLANG_WARN_EMPTY_BODY = YES;
				CLANG_WARN_ENUM_CONVERSION = YES;
				CLANG_WARN_INFINITE_RECURSION = YES;
				CLANG_WARN_INT_CONVERSION = YES;
				CLANG_WARN_NON_LITERAL_NULL_CONVERSION = YES;
				CLANG_WARN_OBJC_IMPLICIT_RETAIN_SELF = YES;
				CLANG_WARN_OBJC_LITERAL_CONVERSION = YES;
				CLANG_WARN_OBJC_ROOT_CLASS = YES_ERROR;
				CLANG_WARN_QUOTED_INCLUDE_IN_FRAMEWORK_HEADER = YES;
				CLANG_WARN_RANGE_LOOP_ANALYSIS = YES;
				CLANG_WARN_STRICT_PROTOTYPES = YES;
				CLANG_WARN_SUSPICIOUS_MOVE = YES;
				CLANG_WARN_UNGUARDED_AVAILABILITY = YES_AGGRESSIVE;
				CLANG_WARN_UNREACHABLE_CODE = YES;
				CLANG_WARN__DUPLICATE_METHOD_MATCH = YES;
				COPY_PHASE_STRIP = NO;
				DEBUG_INFORMATION_FORMAT = "dwarf-with-dsym";
				ENABLE_NS_ASSERTIONS = NO;
				ENABLE_STRICT_OBJC_MSGSEND = YES;
				ENABLE_USER_SCRIPT_SANDBOXING = YES;
				GCC_C_LANGUAGE_STANDARD = gnu17;
				GCC_NO_COMMON_BLOCKS = YES;
				GCC_WARN_64_TO_32_BIT_CONVERSION = YES;
				GCC_WARN_ABOUT_RETURN_TYPE = YES_ERROR;
				GCC_WARN_UNDECLARED_SELECTOR = YES;
				GCC_WARN_UNINITIALIZED_AUTOS = YES_AGGRESSIVE;
				GCC_WARN_UNUSED_FUNCTION = YES;
				GCC_WARN_UNUSED_VARIABLE = YES;
				IPHONEOS_DEPLOYMENT_TARGET = 18.2;
				LOCALIZATION_PREFERS_STRING_CATALOGS = YES;
				MTL_ENABLE_DEBUG_INFO = NO;
				MTL_FAST_MATH = YES;
				SDKROOT = iphoneos;
				SWIFT_COMPILATION_MODE = wholemodule;
				VALIDATE_PRODUCT = YES;
			};
			name = Release;
		};
/* End XCBuildConfiguration section */

/* Begin XCConfigurationList section */
		1F1779AE2EFA2E95008B8697 /* Build configuration list for PBXProject "QSIpLocation" */ = {
			isa = XCConfigurationList;
			buildConfigurations = (
				1F1779C92EFA2E96008B8697 /* Debug */,
				1F1779CA2EFA2E96008B8697 /* Release */,
			);
			defaultConfigurationIsVisible = 0;
			defaultConfigurationName = Release;
		};
		1F1779C62EFA2E96008B8697 /* Build configuration list for PBXNativeTarget "QSIpLocation" */ = {
			isa = XCConfigurationList;
			buildConfigurations = (
				1F1779C72EFA2E96008B8697 /* Debug */,
				1F1779C82EFA2E96008B8697 /* Release */,
			);
			defaultConfigurationIsVisible = 0;
			defaultConfigurationName = Release;
		};
/* End XCConfigurationList section */
	};
	rootObject = 1F1779AB2EFA2E95008B8697 /* Project object */;
}
